
Microsoft Visual Studio Solution File, Format Version 12.00
# Visual Studio 15
VisualStudioVersion = 15.0.26124.0
MinimumVisualStudioVersion = 15.0.26124.0
Project("{2150E333-8FDC-42A3-9474-1A3956D46DE8}") = "src", "src", "{00DD5327-F1AE-4B17-AC44-BD8614A9ADD4}"
EndProject
Project("{FAE04EC0-301F-11D3-BF4B-00C04F79EFBC}") = "TripleTriad.Web", "src\TripleTriad.Web\TripleTriad.Web.csproj", "{98ACBC16-DBEE-45D9-9372-9F841F6086B2}"
EndProject
Project("{FAE04EC0-301F-11D3-BF4B-00C04F79EFBC}") = "TripleTriad.Data", "src\TripleTriad.Data\TripleTriad.Data.csproj", "{D12E43B1-9161-491A-ADE2-D8791499F11A}"
EndProject
Project("{FAE04EC0-301F-11D3-BF4B-00C04F79EFBC}") = "TripleTriad.Commands", "src\TripleTriad.Commands\TripleTriad.Commands.csproj", "{69682F61-B104-4FDF-AA8E-FAED253C6B7E}"
EndProject
Project("{2150E333-8FDC-42A3-9474-1A3956D46DE8}") = "tests", "tests", "{465A1B22-5D2A-488B-94A9-B9DC54EF0D7B}"
EndProject
Project("{FAE04EC0-301F-11D3-BF4B-00C04F79EFBC}") = "TripleTriad.Commands.Tests", "tests\TripleTriad.Commands.Tests\TripleTriad.Commands.Tests.csproj", "{177BC5C1-43F0-4DB4-B366-DBFE689D53E6}"
EndProject
Project("{FAE04EC0-301F-11D3-BF4B-00C04F79EFBC}") = "TripleTriad.Logic", "src\TripleTriad.Logic\TripleTriad.Logic.csproj", "{53E8ECF2-78CF-459F-923C-A6867CC3A7DE}"
EndProject
Global
	GlobalSection(SolutionConfigurationPlatforms) = preSolution
		Debug|Any CPU = Debug|Any CPU
		Debug|x64 = Debug|x64
		Debug|x86 = Debug|x86
		Release|Any CPU = Release|Any CPU
		Release|x64 = Release|x64
		Release|x86 = Release|x86
	EndGlobalSection
	GlobalSection(SolutionProperties) = preSolution
		HideSolutionNode = FALSE
	EndGlobalSection
	GlobalSection(ProjectConfigurationPlatforms) = postSolution
		{98ACBC16-DBEE-45D9-9372-9F841F6086B2}.Debug|Any CPU.ActiveCfg = Debug|Any CPU
		{98ACBC16-DBEE-45D9-9372-9F841F6086B2}.Debug|Any CPU.Build.0 = Debug|Any CPU
		{98ACBC16-DBEE-45D9-9372-9F841F6086B2}.Debug|x64.ActiveCfg = Debug|Any CPU
		{98ACBC16-DBEE-45D9-9372-9F841F6086B2}.Debug|x64.Build.0 = Debug|Any CPU
		{98ACBC16-DBEE-45D9-9372-9F841F6086B2}.Debug|x86.ActiveCfg = Debug|Any CPU
		{98ACBC16-DBEE-45D9-9372-9F841F6086B2}.Debug|x86.Build.0 = Debug|Any CPU
		{98ACBC16-DBEE-45D9-9372-9F841F6086B2}.Release|Any CPU.ActiveCfg = Release|Any CPU
		{98ACBC16-DBEE-45D9-9372-9F841F6086B2}.Release|Any CPU.Build.0 = Release|Any CPU
		{98ACBC16-DBEE-45D9-9372-9F841F6086B2}.Release|x64.ActiveCfg = Release|Any CPU
		{98ACBC16-DBEE-45D9-9372-9F841F6086B2}.Release|x64.Build.0 = Release|Any CPU
		{98ACBC16-DBEE-45D9-9372-9F841F6086B2}.Release|x86.ActiveCfg = Release|Any CPU
		{98ACBC16-DBEE-45D9-9372-9F841F6086B2}.Release|x86.Build.0 = Release|Any CPU
		{D12E43B1-9161-491A-ADE2-D8791499F11A}.Debug|Any CPU.ActiveCfg = Debug|Any CPU
		{D12E43B1-9161-491A-ADE2-D8791499F11A}.Debug|Any CPU.Build.0 = Debug|Any CPU
		{D12E43B1-9161-491A-ADE2-D8791499F11A}.Debug|x64.ActiveCfg = Debug|Any CPU
		{D12E43B1-9161-491A-ADE2-D8791499F11A}.Debug|x64.Build.0 = Debug|Any CPU
		{D12E43B1-9161-491A-ADE2-D8791499F11A}.Debug|x86.ActiveCfg = Debug|Any CPU
		{D12E43B1-9161-491A-ADE2-D8791499F11A}.Debug|x86.Build.0 = Debug|Any CPU
		{D12E43B1-9161-491A-ADE2-D8791499F11A}.Release|Any CPU.ActiveCfg = Release|Any CPU
		{D12E43B1-9161-491A-ADE2-D8791499F11A}.Release|Any CPU.Build.0 = Release|Any CPU
		{D12E43B1-9161-491A-ADE2-D8791499F11A}.Release|x64.ActiveCfg = Release|Any CPU
		{D12E43B1-9161-491A-ADE2-D8791499F11A}.Release|x64.Build.0 = Release|Any CPU
		{D12E43B1-9161-491A-ADE2-D8791499F11A}.Release|x86.ActiveCfg = Release|Any CPU
		{D12E43B1-9161-491A-ADE2-D8791499F11A}.Release|x86.Build.0 = Release|Any CPU
		{69682F61-B104-4FDF-AA8E-FAED253C6B7E}.Debug|Any CPU.ActiveCfg = Debug|Any CPU
		{69682F61-B104-4FDF-AA8E-FAED253C6B7E}.Debug|Any CPU.Build.0 = Debug|Any CPU
		{69682F61-B104-4FDF-AA8E-FAED253C6B7E}.Debug|x64.ActiveCfg = Debug|Any CPU
		{69682F61-B104-4FDF-AA8E-FAED253C6B7E}.Debug|x64.Build.0 = Debug|Any CPU
		{69682F61-B104-4FDF-AA8E-FAED253C6B7E}.Debug|x86.ActiveCfg = Debug|Any CPU
		{69682F61-B104-4FDF-AA8E-FAED253C6B7E}.Debug|x86.Build.0 = Debug|Any CPU
		{69682F61-B104-4FDF-AA8E-FAED253C6B7E}.Release|Any CPU.ActiveCfg = Release|Any CPU
		{69682F61-B104-4FDF-AA8E-FAED253C6B7E}.Release|Any CPU.Build.0 = Release|Any CPU
		{69682F61-B104-4FDF-AA8E-FAED253C6B7E}.Release|x64.ActiveCfg = Release|Any CPU
		{69682F61-B104-4FDF-AA8E-FAED253C6B7E}.Release|x64.Build.0 = Release|Any CPU
		{69682F61-B104-4FDF-AA8E-FAED253C6B7E}.Release|x86.ActiveCfg = Release|Any CPU
		{69682F61-B104-4FDF-AA8E-FAED253C6B7E}.Release|x86.Build.0 = Release|Any CPU
		{177BC5C1-43F0-4DB4-B366-DBFE689D53E6}.Debug|Any CPU.ActiveCfg = Debug|Any CPU
		{177BC5C1-43F0-4DB4-B366-DBFE689D53E6}.Debug|Any CPU.Build.0 = Debug|Any CPU
		{177BC5C1-43F0-4DB4-B366-DBFE689D53E6}.Debug|x64.ActiveCfg = Debug|Any CPU
		{177BC5C1-43F0-4DB4-B366-DBFE689D53E6}.Debug|x64.Build.0 = Debug|Any CPU
		{177BC5C1-43F0-4DB4-B366-DBFE689D53E6}.Debug|x86.ActiveCfg = Debug|Any CPU
		{177BC5C1-43F0-4DB4-B366-DBFE689D53E6}.Debug|x86.Build.0 = Debug|Any CPU
		{177BC5C1-43F0-4DB4-B366-DBFE689D53E6}.Release|Any CPU.ActiveCfg = Release|Any CPU
		{177BC5C1-43F0-4DB4-B366-DBFE689D53E6}.Release|Any CPU.Build.0 = Release|Any CPU
		{177BC5C1-43F0-4DB4-B366-DBFE689D53E6}.Release|x64.ActiveCfg = Release|Any CPU
		{177BC5C1-43F0-4DB4-B366-DBFE689D53E6}.Release|x64.Build.0 = Release|Any CPU
		{177BC5C1-43F0-4DB4-B366-DBFE689D53E6}.Release|x86.ActiveCfg = Release|Any CPU
		{177BC5C1-43F0-4DB4-B366-DBFE689D53E6}.Release|x86.Build.0 = Release|Any CPU
		{53E8ECF2-78CF-459F-923C-A6867CC3A7DE}.Debug|Any CPU.ActiveCfg = Debug|Any CPU
		{53E8ECF2-78CF-459F-923C-A6867CC3A7DE}.Debug|Any CPU.Build.0 = Debug|Any CPU
		{53E8ECF2-78CF-459F-923C-A6867CC3A7DE}.Debug|x64.ActiveCfg = Debug|Any CPU
		{53E8ECF2-78CF-459F-923C-A6867CC3A7DE}.Debug|x64.Build.0 = Debug|Any CPU
		{53E8ECF2-78CF-459F-923C-A6867CC3A7DE}.Debug|x86.ActiveCfg = Debug|Any CPU
		{53E8ECF2-78CF-459F-923C-A6867CC3A7DE}.Debug|x86.Build.0 = Debug|Any CPU
		{53E8ECF2-78CF-459F-923C-A6867CC3A7DE}.Release|Any CPU.ActiveCfg = Release|Any CPU
		{53E8ECF2-78CF-459F-923C-A6867CC3A7DE}.Release|Any CPU.Build.0 = Release|Any CPU
		{53E8ECF2-78CF-459F-923C-A6867CC3A7DE}.Release|x64.ActiveCfg = Release|Any CPU
		{53E8ECF2-78CF-459F-923C-A6867CC3A7DE}.Release|x64.Build.0 = Release|Any CPU
		{53E8ECF2-78CF-459F-923C-A6867CC3A7DE}.Release|x86.ActiveCfg = Release|Any CPU
		{53E8ECF2-78CF-459F-923C-A6867CC3A7DE}.Release|x86.Build.0 = Release|Any CPU
	EndGlobalSection
	GlobalSection(NestedProjects) = preSolution
		{98ACBC16-DBEE-45D9-9372-9F841F6086B2} = {00DD5327-F1AE-4B17-AC44-BD8614A9ADD4}
		{D12E43B1-9161-491A-ADE2-D8791499F11A} = {00DD5327-F1AE-4B17-AC44-BD8614A9ADD4}
		{69682F61-B104-4FDF-AA8E-FAED253C6B7E} = {00DD5327-F1AE-4B17-AC44-BD8614A9ADD4}
		{177BC5C1-43F0-4DB4-B366-DBFE689D53E6} = {465A1B22-5D2A-488B-94A9-B9DC54EF0D7B}
		{53E8ECF2-78CF-459F-923C-A6867CC3A7DE} = {00DD5327-F1AE-4B17-AC44-BD8614A9ADD4}
	EndGlobalSection
EndGlobal
